
Microsoft Visual Studio Solution File, Format Version 12.00
# Visual Studio Version 17
VisualStudioVersion = 17.4.33122.133
MinimumVisualStudioVersion = 10.0.40219.1
Project("{2150E333-8FDC-42A3-9474-1A3956D46DE8}") = "_BuildingBlocks", "_BuildingBlocks", "{D206D7EA-BC0D-4600-8A5F-A7BFA3CF4842}"
EndProject
Project("{2150E333-8FDC-42A3-9474-1A3956D46DE8}") = "Src", "Src", "{7F4E9029-C7C4-406F-BC1A-8AC85623A98B}"
EndProject
Project("{9A19103F-16F7-4668-BE54-9A1E7A4F7556}") = "OverCloudAirways.BuildingBlocks", "BuildingBlocks\Src\OverCloudAirways.BuildingBlocks\OverCloudAirways.BuildingBlocks.csproj", "{C47DF1A9-54C6-4199-888C-A2DEC22ABCA7}"
EndProject
Project("{2150E333-8FDC-42A3-9474-1A3956D46DE8}") = "Identity", "Identity", "{9F4A355C-54C9-4B6B-8556-B3F9E574C45F}"
EndProject
Project("{2150E333-8FDC-42A3-9474-1A3956D46DE8}") = "Src", "Src", "{03CD059B-8EC3-45B8-A3C3-2B4E3D5097DE}"
EndProject
Project("{9A19103F-16F7-4668-BE54-9A1E7A4F7556}") = "OverCloudAirways.IdentityService.Domain", "Identity\Src\OverCloudAirways.IdentityService.Domain\OverCloudAirways.IdentityService.Domain.csproj", "{EDDF5D5D-5288-456E-9056-DFDC4FAEA746}"
EndProject
Project("{9A19103F-16F7-4668-BE54-9A1E7A4F7556}") = "OverCloudAirways.IdentityService.Application", "Identity\Src\OverCloudAirways.IdentityService.Application\OverCloudAirways.IdentityService.Application.csproj", "{438858AE-F577-4EB6-8CBE-413040B09817}"
EndProject
Project("{9A19103F-16F7-4668-BE54-9A1E7A4F7556}") = "OverCloudAirways.IdentityService.Infrastructure", "Identity\Src\OverCloudAirways.IdentityService.Infrastructure\OverCloudAirways.IdentityService.Infrastructure.csproj", "{F7E2BF5B-899D-461C-BAAA-A5AFA15C421D}"
EndProject
Project("{2150E333-8FDC-42A3-9474-1A3956D46DE8}") = "Tests", "Tests", "{1C2EA234-22F2-496A-85BD-34D979884D31}"
EndProject
Project("{9A19103F-16F7-4668-BE54-9A1E7A4F7556}") = "OverCloudAirways.IdentityService.IntegrationTests", "Identity\Tests\OverCloudAirways.IdentityService.IntegrationTests\OverCloudAirways.IdentityService.IntegrationTests.csproj", "{C863379A-1FAE-41F8-8711-AA64B33323C2}"
EndProject
Project("{9A19103F-16F7-4668-BE54-9A1E7A4F7556}") = "OverCloudAirways.IdentityService.IntegrationEvents", "Identity\Src\OverCloudAirways.IdentityService.IntegrationEvents\OverCloudAirways.IdentityService.IntegrationEvents.csproj", "{F0EC1F8E-212C-4D5B-A862-DD0082AF5DC4}"
EndProject
Project("{2150E333-8FDC-42A3-9474-1A3956D46DE8}") = "Booking", "Booking", "{05A793FF-3C76-434A-B7D6-6BF467FFBF8F}"
EndProject
Project("{2150E333-8FDC-42A3-9474-1A3956D46DE8}") = "Src", "Src", "{8DE471EB-49A7-490F-9F95-08912DBA0FED}"
EndProject
Project("{9A19103F-16F7-4668-BE54-9A1E7A4F7556}") = "OverCloudAirways.BookingService.Domain", "Booking\Src\OverCloudAirways.BookingService.Domain\OverCloudAirways.BookingService.Domain.csproj", "{CC9E1910-7E5A-4FBB-A1A3-668CC44545B0}"
EndProject
Project("{9A19103F-16F7-4668-BE54-9A1E7A4F7556}") = "OverCloudAirways.BookingService.Application", "Booking\Src\OverCloudAirways.BookingService.Application\OverCloudAirways.BookingService.Application.csproj", "{D0A68159-C8ED-4A15-AD91-56B879F20716}"
EndProject
Project("{2150E333-8FDC-42A3-9474-1A3956D46DE8}") = "Tests", "Tests", "{EC28C59D-F6B3-4995-B548-D3D93425993A}"
EndProject
Project("{9A19103F-16F7-4668-BE54-9A1E7A4F7556}") = "OverCloudAirways.BookingService.IntegrationTests", "Booking\Tests\OverCloudAirways.BookingService.IntegrationTests\OverCloudAirways.BookingService.IntegrationTests.csproj", "{3DC1BEEA-C34B-45FC-983D-CE26756948EB}"
EndProject
Project("{9A19103F-16F7-4668-BE54-9A1E7A4F7556}") = "OverCloudAirways.BookingService.TestHelpers", "Booking\Tests\OverCloudAirways.BookingService.TestHelpers\OverCloudAirways.BookingService.TestHelpers.csproj", "{8279D8D2-1BD5-4C0B-912B-3A4AFB1BEFEC}"
EndProject
Project("{9A19103F-16F7-4668-BE54-9A1E7A4F7556}") = "OverCloudAirways.BookingService.Application.UnitTests", "Booking\Tests\OverCloudAirways.BookingService.Application.UnitTests\OverCloudAirways.BookingService.Application.UnitTests.csproj", "{CB2DB307-9EAC-479B-B046-0C61469763D2}"
EndProject
Project("{9A19103F-16F7-4668-BE54-9A1E7A4F7556}") = "OverCloudAirways.BookingService.Domain.UnitTests", "Booking\Tests\OverCloudAirways.BookingService.Domain.UnitTests\OverCloudAirways.BookingService.Domain.UnitTests.csproj", "{C1990E98-8DED-42D7-808E-957DC3278D12}"
EndProject
Project("{9A19103F-16F7-4668-BE54-9A1E7A4F7556}") = "OverCloudAirways.BookingService.Infrastructure", "Booking\Src\OverCloudAirways.BookingService.Infrastructure\OverCloudAirways.BookingService.Infrastructure.csproj", "{0AD0A5A4-4418-4625-9B77-F5A4A3F675A9}"
EndProject
Project("{9A19103F-16F7-4668-BE54-9A1E7A4F7556}") = "OverCloudAirways.BookingService.IntegrationEvents", "Booking\Src\OverCloudAirways.BookingService.IntegrationEvents\OverCloudAirways.BookingService.IntegrationEvents.csproj", "{0AC637B4-5659-4D27-8D97-CE4EDE0EC1C5}"
EndProject
Project("{2150E333-8FDC-42A3-9474-1A3956D46DE8}") = "Payment", "Payment", "{69EF9AAA-27B8-45D9-A740-AC9E21774444}"
EndProject
Project("{2150E333-8FDC-42A3-9474-1A3956D46DE8}") = "Src", "Src", "{BAF46004-5238-4BB8-A41E-32BD2E0F59DF}"
EndProject
Project("{2150E333-8FDC-42A3-9474-1A3956D46DE8}") = "Tests", "Tests", "{51ABF997-C9EC-460C-AA54-0AC766C8CD4A}"
EndProject
Project("{9A19103F-16F7-4668-BE54-9A1E7A4F7556}") = "OverCloudAirways.PaymentService.Application", "Payment\Src\OverCloudAirways.Payment.Application\OverCloudAirways.PaymentService.Application.csproj", "{197562F8-0B76-4E64-B4DF-DCF10F9B81C8}"
EndProject
Project("{9A19103F-16F7-4668-BE54-9A1E7A4F7556}") = "OverCloudAirways.PaymentService.Domain.UnitTests", "Payment\Tests\OverCloudAirways.Payment.Domain.UnitTests\OverCloudAirways.PaymentService.Domain.UnitTests.csproj", "{D0B5E3C6-3EA7-4644-A9ED-9E2E64B62299}"
EndProject
Project("{9A19103F-16F7-4668-BE54-9A1E7A4F7556}") = "OverCloudAirways.PaymentService.TestHelpers", "Payment\Tests\OverCloudAirways.PaymentService.TestHelpers\OverCloudAirways.PaymentService.TestHelpers.csproj", "{B6B4CF59-9626-4BAB-8741-130D58233BAF}"
EndProject
Project("{9A19103F-16F7-4668-BE54-9A1E7A4F7556}") = "OverCloudAirways.PaymentService.IntegrationTests", "Payment\Tests\OverCloudAirways.PaymentService.IntegrationTests\OverCloudAirways.PaymentService.IntegrationTests.csproj", "{DC194520-B5EE-4D3E-93FB-325027894ECF}"
EndProject
Project("{9A19103F-16F7-4668-BE54-9A1E7A4F7556}") = "OverCloudAirways.PaymentService.Infrastructure", "Payment\Src\OverCloudAirways.PaymentService.Infrastructure\OverCloudAirways.PaymentService.Infrastructure.csproj", "{E7510860-4DBE-4F81-9B55-2FA18BBA5E82}"
EndProject
Project("{9A19103F-16F7-4668-BE54-9A1E7A4F7556}") = "OverCloudAirways.PaymentService.Application.UnitTests", "Payment\Tests\OverCloudAirways.PaymentService.Application.UnitTests\OverCloudAirways.PaymentService.Application.UnitTests.csproj", "{8A5FA4D7-55A6-46A0-B767-6FB64A0E0831}"
EndProject
Project("{9A19103F-16F7-4668-BE54-9A1E7A4F7556}") = "OverCloudAirways.PaymentService.Domain", "Payment\Src\OverCloudAirways.PaymentService.Domain\OverCloudAirways.PaymentService.Domain.csproj", "{899DD61A-C8B2-4EB2-BCA5-0EBB544C3666}"
EndProject
Project("{2150E333-8FDC-42A3-9474-1A3956D46DE8}") = "CRM", "CRM", "{28C95E2D-7958-4F82-A4B4-57DEC47E0823}"
EndProject
Project("{2150E333-8FDC-42A3-9474-1A3956D46DE8}") = "Src", "Src", "{AF74634C-BB86-460E-96D6-C765FDA23755}"
EndProject
Project("{2150E333-8FDC-42A3-9474-1A3956D46DE8}") = "Tests", "Tests", "{A7076C27-2C65-4F12-BA85-AA61FA784133}"
EndProject
Project("{9A19103F-16F7-4668-BE54-9A1E7A4F7556}") = "OverCloudAirways.CrmService.Domain", "CRM\Src\OverCloudAirways.CrmService.Domain\OverCloudAirways.CrmService.Domain.csproj", "{89B15CBA-495E-419F-9A04-5668B83FC8C8}"
EndProject
Project("{9A19103F-16F7-4668-BE54-9A1E7A4F7556}") = "OverCloudAirways.CrmService.Domain.UnitTests", "CRM\Tests\OverCloudAirways.CrmService.Domain.UnitTests\OverCloudAirways.CrmService.Domain.UnitTests.csproj", "{61509513-AE0D-4685-9DC5-B6C709589E25}"
EndProject
Project("{9A19103F-16F7-4668-BE54-9A1E7A4F7556}") = "OverCloudAirways.CrmService.TestHelpers", "CRM\Tests\OverCloudAirways.CrmService.TestHelpers\OverCloudAirways.CrmService.TestHelpers.csproj", "{3BBD7B18-F8C2-4B46-94AA-D4AFD9FCFD98}"
EndProject
Project("{9A19103F-16F7-4668-BE54-9A1E7A4F7556}") = "OverCloudAirways.CrmService.Application", "CRM\Src\OverCloudAirways.CrmService.Application\OverCloudAirways.CrmService.Application.csproj", "{7A56A698-06B5-4D20-8D47-0D9D274839C8}"
EndProject
Project("{9A19103F-16F7-4668-BE54-9A1E7A4F7556}") = "OverCloudAirways.CrmService.Application.UnitTests", "CRM\Tests\OverCloudAirways.CrmService.Application.UnitTests\OverCloudAirways.CrmService.Application.UnitTests.csproj", "{52C78E79-40A2-4C9E-9B29-2E3BDC1E2E6B}"
EndProject
Project("{9A19103F-16F7-4668-BE54-9A1E7A4F7556}") = "OverCloudAirways.CrmService.IntegrationTests", "CRM\Tests\OverCloudAirways.CrmService.IntegrationTests\OverCloudAirways.CrmService.IntegrationTests.csproj", "{C244F10A-6AB1-46AF-9631-B34D137B6E48}"
EndProject
Project("{9A19103F-16F7-4668-BE54-9A1E7A4F7556}") = "OverCloudAirways.CrmService.Infrastructure", "CRM\Src\OverCloudAirways.CrmService.Infrastructure\OverCloudAirways.CrmService.Infrastructure.csproj", "{B9BD4D01-E412-4797-B263-A9C01DAC1F1C}"
EndProject
Project("{9A19103F-16F7-4668-BE54-9A1E7A4F7556}") = "OverCloudAirways.PaymentService.IntegrationEvents", "Payment\Src\OverCloudAirways.PaymentService.IntegrationEvents\OverCloudAirways.PaymentService.IntegrationEvents.csproj", "{734279C1-5C97-40F3-B9D0-F6F419F4A30D}"
EndProject
Project("{9A19103F-16F7-4668-BE54-9A1E7A4F7556}") = "OverCloudAirways.CrmService.IntegrationEvents", "CRM\Src\OverCloudAirways.CrmService.IntegrationEvents\OverCloudAirways.CrmService.IntegrationEvents.csproj", "{1DA40FB5-244B-49CA-8DD1-316E6A75487D}"
EndProject
Project("{9A19103F-16F7-4668-BE54-9A1E7A4F7556}") = "OverCloudAirways.BookingService.API", "Booking\Src\OverCloudAirways.BookingService.API\OverCloudAirways.BookingService.API.csproj", "{FD832C4C-9AA9-4087-BE5C-1BC58E38F562}"
EndProject
Project("{9A19103F-16F7-4668-BE54-9A1E7A4F7556}") = "OverCloudAirways.IdentityService.API", "Identity\Src\OverCloudAirways.IdentityService.API\OverCloudAirways.IdentityService.API.csproj", "{65C3608C-39D1-4B29-AF6B-424F899AF360}"
EndProject
Project("{9A19103F-16F7-4668-BE54-9A1E7A4F7556}") = "OverCloudAirways.IdentityService.API.GraphIntegration", "Identity\Src\OverCloudAirways.IdentityService.API.GraphIntegration\OverCloudAirways.IdentityService.API.GraphIntegration.csproj", "{7BE2FBF8-71AC-4858-BB8F-4D44F42BAAAC}"
EndProject
Project("{FAE04EC0-301F-11D3-BF4B-00C04F79EFBC}") = "OverCloudAirways.PaymentService.API", "Payment\Src\OverCloudAirways.PaymentService.API\OverCloudAirways.PaymentService.API.csproj", "{C11AE0D3-FEF9-424D-BEA0-BDFAB9A12D75}"
EndProject
Project("{FAE04EC0-301F-11D3-BF4B-00C04F79EFBC}") = "OverCloudAirways.CrmService.API", "CRM\Src\OverCloudAirways.CrmService.API\OverCloudAirways.CrmService.API.csproj", "{B616060C-C639-4906-9A5F-C9FAEB323E4C}"
EndProject
Global
	GlobalSection(SolutionConfigurationPlatforms) = preSolution
		Debug|Any CPU = Debug|Any CPU
		Release|Any CPU = Release|Any CPU
	EndGlobalSection
	GlobalSection(ProjectConfigurationPlatforms) = postSolution
		{C47DF1A9-54C6-4199-888C-A2DEC22ABCA7}.Debug|Any CPU.ActiveCfg = Debug|Any CPU
		{C47DF1A9-54C6-4199-888C-A2DEC22ABCA7}.Debug|Any CPU.Build.0 = Debug|Any CPU
		{C47DF1A9-54C6-4199-888C-A2DEC22ABCA7}.Release|Any CPU.ActiveCfg = Release|Any CPU
		{C47DF1A9-54C6-4199-888C-A2DEC22ABCA7}.Release|Any CPU.Build.0 = Release|Any CPU
		{EDDF5D5D-5288-456E-9056-DFDC4FAEA746}.Debug|Any CPU.ActiveCfg = Debug|Any CPU
		{EDDF5D5D-5288-456E-9056-DFDC4FAEA746}.Debug|Any CPU.Build.0 = Debug|Any CPU
		{EDDF5D5D-5288-456E-9056-DFDC4FAEA746}.Release|Any CPU.ActiveCfg = Release|Any CPU
		{EDDF5D5D-5288-456E-9056-DFDC4FAEA746}.Release|Any CPU.Build.0 = Release|Any CPU
		{438858AE-F577-4EB6-8CBE-413040B09817}.Debug|Any CPU.ActiveCfg = Debug|Any CPU
		{438858AE-F577-4EB6-8CBE-413040B09817}.Debug|Any CPU.Build.0 = Debug|Any CPU
		{438858AE-F577-4EB6-8CBE-413040B09817}.Release|Any CPU.ActiveCfg = Release|Any CPU
		{438858AE-F577-4EB6-8CBE-413040B09817}.Release|Any CPU.Build.0 = Release|Any CPU
		{F7E2BF5B-899D-461C-BAAA-A5AFA15C421D}.Debug|Any CPU.ActiveCfg = Debug|Any CPU
		{F7E2BF5B-899D-461C-BAAA-A5AFA15C421D}.Debug|Any CPU.Build.0 = Debug|Any CPU
		{F7E2BF5B-899D-461C-BAAA-A5AFA15C421D}.Release|Any CPU.ActiveCfg = Release|Any CPU
		{F7E2BF5B-899D-461C-BAAA-A5AFA15C421D}.Release|Any CPU.Build.0 = Release|Any CPU
		{C863379A-1FAE-41F8-8711-AA64B33323C2}.Debug|Any CPU.ActiveCfg = Debug|Any CPU
		{C863379A-1FAE-41F8-8711-AA64B33323C2}.Debug|Any CPU.Build.0 = Debug|Any CPU
		{C863379A-1FAE-41F8-8711-AA64B33323C2}.Release|Any CPU.ActiveCfg = Release|Any CPU
		{C863379A-1FAE-41F8-8711-AA64B33323C2}.Release|Any CPU.Build.0 = Release|Any CPU
		{F0EC1F8E-212C-4D5B-A862-DD0082AF5DC4}.Debug|Any CPU.ActiveCfg = Debug|Any CPU
		{F0EC1F8E-212C-4D5B-A862-DD0082AF5DC4}.Debug|Any CPU.Build.0 = Debug|Any CPU
		{F0EC1F8E-212C-4D5B-A862-DD0082AF5DC4}.Release|Any CPU.ActiveCfg = Release|Any CPU
		{F0EC1F8E-212C-4D5B-A862-DD0082AF5DC4}.Release|Any CPU.Build.0 = Release|Any CPU
		{CC9E1910-7E5A-4FBB-A1A3-668CC44545B0}.Debug|Any CPU.ActiveCfg = Debug|Any CPU
		{CC9E1910-7E5A-4FBB-A1A3-668CC44545B0}.Debug|Any CPU.Build.0 = Debug|Any CPU
		{CC9E1910-7E5A-4FBB-A1A3-668CC44545B0}.Release|Any CPU.ActiveCfg = Release|Any CPU
		{CC9E1910-7E5A-4FBB-A1A3-668CC44545B0}.Release|Any CPU.Build.0 = Release|Any CPU
		{D0A68159-C8ED-4A15-AD91-56B879F20716}.Debug|Any CPU.ActiveCfg = Debug|Any CPU
		{D0A68159-C8ED-4A15-AD91-56B879F20716}.Debug|Any CPU.Build.0 = Debug|Any CPU
		{D0A68159-C8ED-4A15-AD91-56B879F20716}.Release|Any CPU.ActiveCfg = Release|Any CPU
		{D0A68159-C8ED-4A15-AD91-56B879F20716}.Release|Any CPU.Build.0 = Release|Any CPU
		{3DC1BEEA-C34B-45FC-983D-CE26756948EB}.Debug|Any CPU.ActiveCfg = Debug|Any CPU
		{3DC1BEEA-C34B-45FC-983D-CE26756948EB}.Debug|Any CPU.Build.0 = Debug|Any CPU
		{3DC1BEEA-C34B-45FC-983D-CE26756948EB}.Release|Any CPU.ActiveCfg = Release|Any CPU
		{3DC1BEEA-C34B-45FC-983D-CE26756948EB}.Release|Any CPU.Build.0 = Release|Any CPU
		{8279D8D2-1BD5-4C0B-912B-3A4AFB1BEFEC}.Debug|Any CPU.ActiveCfg = Debug|Any CPU
		{8279D8D2-1BD5-4C0B-912B-3A4AFB1BEFEC}.Debug|Any CPU.Build.0 = Debug|Any CPU
		{8279D8D2-1BD5-4C0B-912B-3A4AFB1BEFEC}.Release|Any CPU.ActiveCfg = Release|Any CPU
		{8279D8D2-1BD5-4C0B-912B-3A4AFB1BEFEC}.Release|Any CPU.Build.0 = Release|Any CPU
		{CB2DB307-9EAC-479B-B046-0C61469763D2}.Debug|Any CPU.ActiveCfg = Debug|Any CPU
		{CB2DB307-9EAC-479B-B046-0C61469763D2}.Debug|Any CPU.Build.0 = Debug|Any CPU
		{CB2DB307-9EAC-479B-B046-0C61469763D2}.Release|Any CPU.ActiveCfg = Release|Any CPU
		{CB2DB307-9EAC-479B-B046-0C61469763D2}.Release|Any CPU.Build.0 = Release|Any CPU
		{C1990E98-8DED-42D7-808E-957DC3278D12}.Debug|Any CPU.ActiveCfg = Debug|Any CPU
		{C1990E98-8DED-42D7-808E-957DC3278D12}.Debug|Any CPU.Build.0 = Debug|Any CPU
		{C1990E98-8DED-42D7-808E-957DC3278D12}.Release|Any CPU.ActiveCfg = Release|Any CPU
		{C1990E98-8DED-42D7-808E-957DC3278D12}.Release|Any CPU.Build.0 = Release|Any CPU
		{0AD0A5A4-4418-4625-9B77-F5A4A3F675A9}.Debug|Any CPU.ActiveCfg = Debug|Any CPU
		{0AD0A5A4-4418-4625-9B77-F5A4A3F675A9}.Debug|Any CPU.Build.0 = Debug|Any CPU
		{0AD0A5A4-4418-4625-9B77-F5A4A3F675A9}.Release|Any CPU.ActiveCfg = Release|Any CPU
		{0AD0A5A4-4418-4625-9B77-F5A4A3F675A9}.Release|Any CPU.Build.0 = Release|Any CPU
		{0AC637B4-5659-4D27-8D97-CE4EDE0EC1C5}.Debug|Any CPU.ActiveCfg = Debug|Any CPU
		{0AC637B4-5659-4D27-8D97-CE4EDE0EC1C5}.Debug|Any CPU.Build.0 = Debug|Any CPU
		{0AC637B4-5659-4D27-8D97-CE4EDE0EC1C5}.Release|Any CPU.ActiveCfg = Release|Any CPU
		{0AC637B4-5659-4D27-8D97-CE4EDE0EC1C5}.Release|Any CPU.Build.0 = Release|Any CPU
		{197562F8-0B76-4E64-B4DF-DCF10F9B81C8}.Debug|Any CPU.ActiveCfg = Debug|Any CPU
		{197562F8-0B76-4E64-B4DF-DCF10F9B81C8}.Debug|Any CPU.Build.0 = Debug|Any CPU
		{197562F8-0B76-4E64-B4DF-DCF10F9B81C8}.Release|Any CPU.ActiveCfg = Release|Any CPU
		{197562F8-0B76-4E64-B4DF-DCF10F9B81C8}.Release|Any CPU.Build.0 = Release|Any CPU
		{D0B5E3C6-3EA7-4644-A9ED-9E2E64B62299}.Debug|Any CPU.ActiveCfg = Debug|Any CPU
		{D0B5E3C6-3EA7-4644-A9ED-9E2E64B62299}.Debug|Any CPU.Build.0 = Debug|Any CPU
		{D0B5E3C6-3EA7-4644-A9ED-9E2E64B62299}.Release|Any CPU.ActiveCfg = Release|Any CPU
		{D0B5E3C6-3EA7-4644-A9ED-9E2E64B62299}.Release|Any CPU.Build.0 = Release|Any CPU
		{B6B4CF59-9626-4BAB-8741-130D58233BAF}.Debug|Any CPU.ActiveCfg = Debug|Any CPU
		{B6B4CF59-9626-4BAB-8741-130D58233BAF}.Debug|Any CPU.Build.0 = Debug|Any CPU
		{B6B4CF59-9626-4BAB-8741-130D58233BAF}.Release|Any CPU.ActiveCfg = Release|Any CPU
		{B6B4CF59-9626-4BAB-8741-130D58233BAF}.Release|Any CPU.Build.0 = Release|Any CPU
		{DC194520-B5EE-4D3E-93FB-325027894ECF}.Debug|Any CPU.ActiveCfg = Debug|Any CPU
		{DC194520-B5EE-4D3E-93FB-325027894ECF}.Debug|Any CPU.Build.0 = Debug|Any CPU
		{DC194520-B5EE-4D3E-93FB-325027894ECF}.Release|Any CPU.ActiveCfg = Release|Any CPU
		{DC194520-B5EE-4D3E-93FB-325027894ECF}.Release|Any CPU.Build.0 = Release|Any CPU
		{E7510860-4DBE-4F81-9B55-2FA18BBA5E82}.Debug|Any CPU.ActiveCfg = Debug|Any CPU
		{E7510860-4DBE-4F81-9B55-2FA18BBA5E82}.Debug|Any CPU.Build.0 = Debug|Any CPU
		{E7510860-4DBE-4F81-9B55-2FA18BBA5E82}.Release|Any CPU.ActiveCfg = Release|Any CPU
		{E7510860-4DBE-4F81-9B55-2FA18BBA5E82}.Release|Any CPU.Build.0 = Release|Any CPU
		{8A5FA4D7-55A6-46A0-B767-6FB64A0E0831}.Debug|Any CPU.ActiveCfg = Debug|Any CPU
		{8A5FA4D7-55A6-46A0-B767-6FB64A0E0831}.Debug|Any CPU.Build.0 = Debug|Any CPU
		{8A5FA4D7-55A6-46A0-B767-6FB64A0E0831}.Release|Any CPU.ActiveCfg = Release|Any CPU
		{8A5FA4D7-55A6-46A0-B767-6FB64A0E0831}.Release|Any CPU.Build.0 = Release|Any CPU
		{899DD61A-C8B2-4EB2-BCA5-0EBB544C3666}.Debug|Any CPU.ActiveCfg = Debug|Any CPU
		{899DD61A-C8B2-4EB2-BCA5-0EBB544C3666}.Debug|Any CPU.Build.0 = Debug|Any CPU
		{899DD61A-C8B2-4EB2-BCA5-0EBB544C3666}.Release|Any CPU.ActiveCfg = Release|Any CPU
		{899DD61A-C8B2-4EB2-BCA5-0EBB544C3666}.Release|Any CPU.Build.0 = Release|Any CPU
		{89B15CBA-495E-419F-9A04-5668B83FC8C8}.Debug|Any CPU.ActiveCfg = Debug|Any CPU
		{89B15CBA-495E-419F-9A04-5668B83FC8C8}.Debug|Any CPU.Build.0 = Debug|Any CPU
		{89B15CBA-495E-419F-9A04-5668B83FC8C8}.Release|Any CPU.ActiveCfg = Release|Any CPU
		{89B15CBA-495E-419F-9A04-5668B83FC8C8}.Release|Any CPU.Build.0 = Release|Any CPU
		{61509513-AE0D-4685-9DC5-B6C709589E25}.Debug|Any CPU.ActiveCfg = Debug|Any CPU
		{61509513-AE0D-4685-9DC5-B6C709589E25}.Debug|Any CPU.Build.0 = Debug|Any CPU
		{61509513-AE0D-4685-9DC5-B6C709589E25}.Release|Any CPU.ActiveCfg = Release|Any CPU
		{61509513-AE0D-4685-9DC5-B6C709589E25}.Release|Any CPU.Build.0 = Release|Any CPU
		{3BBD7B18-F8C2-4B46-94AA-D4AFD9FCFD98}.Debug|Any CPU.ActiveCfg = Debug|Any CPU
		{3BBD7B18-F8C2-4B46-94AA-D4AFD9FCFD98}.Debug|Any CPU.Build.0 = Debug|Any CPU
		{3BBD7B18-F8C2-4B46-94AA-D4AFD9FCFD98}.Release|Any CPU.ActiveCfg = Release|Any CPU
		{3BBD7B18-F8C2-4B46-94AA-D4AFD9FCFD98}.Release|Any CPU.Build.0 = Release|Any CPU
		{7A56A698-06B5-4D20-8D47-0D9D274839C8}.Debug|Any CPU.ActiveCfg = Debug|Any CPU
		{7A56A698-06B5-4D20-8D47-0D9D274839C8}.Debug|Any CPU.Build.0 = Debug|Any CPU
		{7A56A698-06B5-4D20-8D47-0D9D274839C8}.Release|Any CPU.ActiveCfg = Release|Any CPU
		{7A56A698-06B5-4D20-8D47-0D9D274839C8}.Release|Any CPU.Build.0 = Release|Any CPU
		{52C78E79-40A2-4C9E-9B29-2E3BDC1E2E6B}.Debug|Any CPU.ActiveCfg = Debug|Any CPU
		{52C78E79-40A2-4C9E-9B29-2E3BDC1E2E6B}.Debug|Any CPU.Build.0 = Debug|Any CPU
		{52C78E79-40A2-4C9E-9B29-2E3BDC1E2E6B}.Release|Any CPU.ActiveCfg = Release|Any CPU
		{52C78E79-40A2-4C9E-9B29-2E3BDC1E2E6B}.Release|Any CPU.Build.0 = Release|Any CPU
		{C244F10A-6AB1-46AF-9631-B34D137B6E48}.Debug|Any CPU.ActiveCfg = Debug|Any CPU
		{C244F10A-6AB1-46AF-9631-B34D137B6E48}.Debug|Any CPU.Build.0 = Debug|Any CPU
		{C244F10A-6AB1-46AF-9631-B34D137B6E48}.Release|Any CPU.ActiveCfg = Release|Any CPU
		{C244F10A-6AB1-46AF-9631-B34D137B6E48}.Release|Any CPU.Build.0 = Release|Any CPU
		{B9BD4D01-E412-4797-B263-A9C01DAC1F1C}.Debug|Any CPU.ActiveCfg = Debug|Any CPU
		{B9BD4D01-E412-4797-B263-A9C01DAC1F1C}.Debug|Any CPU.Build.0 = Debug|Any CPU
		{B9BD4D01-E412-4797-B263-A9C01DAC1F1C}.Release|Any CPU.ActiveCfg = Release|Any CPU
		{B9BD4D01-E412-4797-B263-A9C01DAC1F1C}.Release|Any CPU.Build.0 = Release|Any CPU
		{734279C1-5C97-40F3-B9D0-F6F419F4A30D}.Debug|Any CPU.ActiveCfg = Debug|Any CPU
		{734279C1-5C97-40F3-B9D0-F6F419F4A30D}.Debug|Any CPU.Build.0 = Debug|Any CPU
		{734279C1-5C97-40F3-B9D0-F6F419F4A30D}.Release|Any CPU.ActiveCfg = Release|Any CPU
		{734279C1-5C97-40F3-B9D0-F6F419F4A30D}.Release|Any CPU.Build.0 = Release|Any CPU
		{1DA40FB5-244B-49CA-8DD1-316E6A75487D}.Debug|Any CPU.ActiveCfg = Debug|Any CPU
		{1DA40FB5-244B-49CA-8DD1-316E6A75487D}.Debug|Any CPU.Build.0 = Debug|Any CPU
		{1DA40FB5-244B-49CA-8DD1-316E6A75487D}.Release|Any CPU.ActiveCfg = Release|Any CPU
		{1DA40FB5-244B-49CA-8DD1-316E6A75487D}.Release|Any CPU.Build.0 = Release|Any CPU
		{FD832C4C-9AA9-4087-BE5C-1BC58E38F562}.Debug|Any CPU.ActiveCfg = Debug|Any CPU
		{FD832C4C-9AA9-4087-BE5C-1BC58E38F562}.Debug|Any CPU.Build.0 = Debug|Any CPU
		{FD832C4C-9AA9-4087-BE5C-1BC58E38F562}.Release|Any CPU.ActiveCfg = Release|Any CPU
		{FD832C4C-9AA9-4087-BE5C-1BC58E38F562}.Release|Any CPU.Build.0 = Release|Any CPU
		{65C3608C-39D1-4B29-AF6B-424F899AF360}.Debug|Any CPU.ActiveCfg = Debug|Any CPU
		{65C3608C-39D1-4B29-AF6B-424F899AF360}.Debug|Any CPU.Build.0 = Debug|Any CPU
		{65C3608C-39D1-4B29-AF6B-424F899AF360}.Release|Any CPU.ActiveCfg = Release|Any CPU
		{65C3608C-39D1-4B29-AF6B-424F899AF360}.Release|Any CPU.Build.0 = Release|Any CPU
		{7BE2FBF8-71AC-4858-BB8F-4D44F42BAAAC}.Debug|Any CPU.ActiveCfg = Debug|Any CPU
		{7BE2FBF8-71AC-4858-BB8F-4D44F42BAAAC}.Debug|Any CPU.Build.0 = Debug|Any CPU
		{7BE2FBF8-71AC-4858-BB8F-4D44F42BAAAC}.Release|Any CPU.ActiveCfg = Release|Any CPU
		{7BE2FBF8-71AC-4858-BB8F-4D44F42BAAAC}.Release|Any CPU.Build.0 = Release|Any CPU
		{C11AE0D3-FEF9-424D-BEA0-BDFAB9A12D75}.Debug|Any CPU.ActiveCfg = Debug|Any CPU
		{C11AE0D3-FEF9-424D-BEA0-BDFAB9A12D75}.Debug|Any CPU.Build.0 = Debug|Any CPU
		{C11AE0D3-FEF9-424D-BEA0-BDFAB9A12D75}.Release|Any CPU.ActiveCfg = Release|Any CPU
		{C11AE0D3-FEF9-424D-BEA0-BDFAB9A12D75}.Release|Any CPU.Build.0 = Release|Any CPU
		{B616060C-C639-4906-9A5F-C9FAEB323E4C}.Debug|Any CPU.ActiveCfg = Debug|Any CPU
		{B616060C-C639-4906-9A5F-C9FAEB323E4C}.Debug|Any CPU.Build.0 = Debug|Any CPU
		{B616060C-C639-4906-9A5F-C9FAEB323E4C}.Release|Any CPU.ActiveCfg = Release|Any CPU
		{B616060C-C639-4906-9A5F-C9FAEB323E4C}.Release|Any CPU.Build.0 = Release|Any CPU
	EndGlobalSection
	GlobalSection(SolutionProperties) = preSolution
		HideSolutionNode = FALSE
	EndGlobalSection
	GlobalSection(NestedProjects) = preSolution
		{7F4E9029-C7C4-406F-BC1A-8AC85623A98B} = {D206D7EA-BC0D-4600-8A5F-A7BFA3CF4842}
		{C47DF1A9-54C6-4199-888C-A2DEC22ABCA7} = {7F4E9029-C7C4-406F-BC1A-8AC85623A98B}
		{03CD059B-8EC3-45B8-A3C3-2B4E3D5097DE} = {9F4A355C-54C9-4B6B-8556-B3F9E574C45F}
		{EDDF5D5D-5288-456E-9056-DFDC4FAEA746} = {03CD059B-8EC3-45B8-A3C3-2B4E3D5097DE}
		{438858AE-F577-4EB6-8CBE-413040B09817} = {03CD059B-8EC3-45B8-A3C3-2B4E3D5097DE}
		{F7E2BF5B-899D-461C-BAAA-A5AFA15C421D} = {03CD059B-8EC3-45B8-A3C3-2B4E3D5097DE}
		{1C2EA234-22F2-496A-85BD-34D979884D31} = {9F4A355C-54C9-4B6B-8556-B3F9E574C45F}
		{C863379A-1FAE-41F8-8711-AA64B33323C2} = {1C2EA234-22F2-496A-85BD-34D979884D31}
		{F0EC1F8E-212C-4D5B-A862-DD0082AF5DC4} = {03CD059B-8EC3-45B8-A3C3-2B4E3D5097DE}
		{8DE471EB-49A7-490F-9F95-08912DBA0FED} = {05A793FF-3C76-434A-B7D6-6BF467FFBF8F}
		{CC9E1910-7E5A-4FBB-A1A3-668CC44545B0} = {8DE471EB-49A7-490F-9F95-08912DBA0FED}
		{D0A68159-C8ED-4A15-AD91-56B879F20716} = {8DE471EB-49A7-490F-9F95-08912DBA0FED}
		{EC28C59D-F6B3-4995-B548-D3D93425993A} = {05A793FF-3C76-434A-B7D6-6BF467FFBF8F}
		{3DC1BEEA-C34B-45FC-983D-CE26756948EB} = {EC28C59D-F6B3-4995-B548-D3D93425993A}
		{8279D8D2-1BD5-4C0B-912B-3A4AFB1BEFEC} = {EC28C59D-F6B3-4995-B548-D3D93425993A}
		{CB2DB307-9EAC-479B-B046-0C61469763D2} = {EC28C59D-F6B3-4995-B548-D3D93425993A}
		{C1990E98-8DED-42D7-808E-957DC3278D12} = {EC28C59D-F6B3-4995-B548-D3D93425993A}
		{0AD0A5A4-4418-4625-9B77-F5A4A3F675A9} = {8DE471EB-49A7-490F-9F95-08912DBA0FED}
		{0AC637B4-5659-4D27-8D97-CE4EDE0EC1C5} = {8DE471EB-49A7-490F-9F95-08912DBA0FED}
		{BAF46004-5238-4BB8-A41E-32BD2E0F59DF} = {69EF9AAA-27B8-45D9-A740-AC9E21774444}
		{51ABF997-C9EC-460C-AA54-0AC766C8CD4A} = {69EF9AAA-27B8-45D9-A740-AC9E21774444}
		{197562F8-0B76-4E64-B4DF-DCF10F9B81C8} = {BAF46004-5238-4BB8-A41E-32BD2E0F59DF}
		{D0B5E3C6-3EA7-4644-A9ED-9E2E64B62299} = {51ABF997-C9EC-460C-AA54-0AC766C8CD4A}
		{B6B4CF59-9626-4BAB-8741-130D58233BAF} = {51ABF997-C9EC-460C-AA54-0AC766C8CD4A}
		{DC194520-B5EE-4D3E-93FB-325027894ECF} = {51ABF997-C9EC-460C-AA54-0AC766C8CD4A}
		{E7510860-4DBE-4F81-9B55-2FA18BBA5E82} = {BAF46004-5238-4BB8-A41E-32BD2E0F59DF}
		{8A5FA4D7-55A6-46A0-B767-6FB64A0E0831} = {51ABF997-C9EC-460C-AA54-0AC766C8CD4A}
		{899DD61A-C8B2-4EB2-BCA5-0EBB544C3666} = {BAF46004-5238-4BB8-A41E-32BD2E0F59DF}
		{AF74634C-BB86-460E-96D6-C765FDA23755} = {28C95E2D-7958-4F82-A4B4-57DEC47E0823}
		{A7076C27-2C65-4F12-BA85-AA61FA784133} = {28C95E2D-7958-4F82-A4B4-57DEC47E0823}
		{89B15CBA-495E-419F-9A04-5668B83FC8C8} = {AF74634C-BB86-460E-96D6-C765FDA23755}
		{61509513-AE0D-4685-9DC5-B6C709589E25} = {A7076C27-2C65-4F12-BA85-AA61FA784133}
		{3BBD7B18-F8C2-4B46-94AA-D4AFD9FCFD98} = {A7076C27-2C65-4F12-BA85-AA61FA784133}
		{7A56A698-06B5-4D20-8D47-0D9D274839C8} = {AF74634C-BB86-460E-96D6-C765FDA23755}
		{52C78E79-40A2-4C9E-9B29-2E3BDC1E2E6B} = {A7076C27-2C65-4F12-BA85-AA61FA784133}
		{C244F10A-6AB1-46AF-9631-B34D137B6E48} = {A7076C27-2C65-4F12-BA85-AA61FA784133}
		{B9BD4D01-E412-4797-B263-A9C01DAC1F1C} = {AF74634C-BB86-460E-96D6-C765FDA23755}
		{734279C1-5C97-40F3-B9D0-F6F419F4A30D} = {BAF46004-5238-4BB8-A41E-32BD2E0F59DF}
		{1DA40FB5-244B-49CA-8DD1-316E6A75487D} = {AF74634C-BB86-460E-96D6-C765FDA23755}
		{FD832C4C-9AA9-4087-BE5C-1BC58E38F562} = {8DE471EB-49A7-490F-9F95-08912DBA0FED}
		{65C3608C-39D1-4B29-AF6B-424F899AF360} = {03CD059B-8EC3-45B8-A3C3-2B4E3D5097DE}
		{7BE2FBF8-71AC-4858-BB8F-4D44F42BAAAC} = {03CD059B-8EC3-45B8-A3C3-2B4E3D5097DE}
		{C11AE0D3-FEF9-424D-BEA0-BDFAB9A12D75} = {BAF46004-5238-4BB8-A41E-32BD2E0F59DF}
		{B616060C-C639-4906-9A5F-C9FAEB323E4C} = {AF74634C-BB86-460E-96D6-C765FDA23755}
	EndGlobalSection
	GlobalSection(ExtensibilityGlobals) = postSolution
		SolutionGuid = {9F9A8DA7-D45E-4AEE-9712-F1C62D32213B}
	EndGlobalSection
EndGlobal
