
Microsoft Visual Studio Solution File, Format Version 12.00
# Visual Studio Version 17
VisualStudioVersion = 17.4.33122.133
MinimumVisualStudioVersion = 10.0.40219.1
Project("{2150E333-8FDC-42A3-9474-1A3956D46DE8}") = "BuildingBlocks", "BuildingBlocks", "{D206D7EA-BC0D-4600-8A5F-A7BFA3CF4842}"
EndProject
Project("{2150E333-8FDC-42A3-9474-1A3956D46DE8}") = "Src", "Src", "{7F4E9029-C7C4-406F-BC1A-8AC85623A98B}"
EndProject
Project("{FAE04EC0-301F-11D3-BF4B-00C04F79EFBC}") = "OverCloudAirways.BuildingBlocks", "BuildingBlocks\Src\OverCloudAirways.BuildingBlocks\OverCloudAirways.BuildingBlocks.csproj", "{C47DF1A9-54C6-4199-888C-A2DEC22ABCA7}"
EndProject
Global
	GlobalSection(SolutionConfigurationPlatforms) = preSolution
		Debug|Any CPU = Debug|Any CPU
		Release|Any CPU = Release|Any CPU
	EndGlobalSection
	GlobalSection(ProjectConfigurationPlatforms) = postSolution
		{C47DF1A9-54C6-4199-888C-A2DEC22ABCA7}.Debug|Any CPU.ActiveCfg = Debug|Any CPU
		{C47DF1A9-54C6-4199-888C-A2DEC22ABCA7}.Debug|Any CPU.Build.0 = Debug|Any CPU
		{C47DF1A9-54C6-4199-888C-A2DEC22ABCA7}.Release|Any CPU.ActiveCfg = Release|Any CPU
		{C47DF1A9-54C6-4199-888C-A2DEC22ABCA7}.Release|Any CPU.Build.0 = Release|Any CPU
	EndGlobalSection
	GlobalSection(SolutionProperties) = preSolution
		HideSolutionNode = FALSE
	EndGlobalSection
	GlobalSection(NestedProjects) = preSolution
		{7F4E9029-C7C4-406F-BC1A-8AC85623A98B} = {D206D7EA-BC0D-4600-8A5F-A7BFA3CF4842}
		{C47DF1A9-54C6-4199-888C-A2DEC22ABCA7} = {7F4E9029-C7C4-406F-BC1A-8AC85623A98B}
	EndGlobalSection
	GlobalSection(ExtensibilityGlobals) = postSolution
		SolutionGuid = {9F9A8DA7-D45E-4AEE-9712-F1C62D32213B}
	EndGlobalSection
EndGlobal
